<?xml version="1.0" encoding="utf-8"?>
<Project ToolsVersion="4.0" xmlns="http://schemas.microsoft.com/developer/msbuild/2003">
  <ItemGroup>
    <Filter Include="源文件">
      <UniqueIdentifier>{4FC737F1-C7A5-4376-A066-2A32D752A2FF}</UniqueIdentifier>
      <Extensions>cpp;c;cc;cxx;def;odl;idl;hpj;bat;asm;asmx</Extensions>
    </Filter>
    <Filter Include="头文件">
      <UniqueIdentifier>{93995380-89BD-4b04-88EB-625FBE52EBFB}</UniqueIdentifier>
      <Extensions>h;hh;hpp;hxx;hm;inl;inc;ipp;xsd</Extensions>
    </Filter>
    <Filter Include="资源文件">
      <UniqueIdentifier>{67DA6AB6-F800-4c08-8B7A-83BB121AAD01}</UniqueIdentifier>
      <Extensions>rc;ico;cur;bmp;dlg;rc2;rct;bin;rgs;gif;jpg;jpeg;jpe;resx;tiff;tif;png;wav;mfcribbon-ms</Extensions>
    </Filter>
    <Filter Include="头文件\HomeWork">
      <UniqueIdentifier>{d1619482-ff87-4ccd-a79f-5d058b0a3acf}</UniqueIdentifier>
    </Filter>
    <Filter Include="头文件\STL Quick Referrence">
      <UniqueIdentifier>{769a74f0-c0cc-43cf-8c6b-3d0bf76b23c9}</UniqueIdentifier>
    </Filter>
  </ItemGroup>
  <ItemGroup>
    <ClInclude Include="pch.h">
      <Filter>头文件</Filter>
    </ClInclude>
    <ClInclude Include="Alloc.h">
      <Filter>头文件\HomeWork</Filter>
    </ClInclude>
    <ClInclude Include="Pages.h">
      <Filter>头文件\HomeWork</Filter>
    </ClInclude>
    <ClInclude Include="STL Concurrency.h">
      <Filter>头文件\STL Quick Referrence</Filter>
    </ClInclude>
    <ClInclude Include="STL Container.h">
      <Filter>头文件\STL Quick Referrence</Filter>
    </ClInclude>
    <ClInclude Include="STL Template.h">
      <Filter>头文件\STL Quick Referrence</Filter>
    </ClInclude>
    <ClInclude Include="STL Algorithm.h">
      <Filter>头文件\STL Quick Referrence</Filter>
    </ClInclude>
  </ItemGroup>
  <ItemGroup>
    <ClCompile Include="pch.cpp">
      <Filter>源文件</Filter>
    </ClCompile>
    <ClCompile Include="Gadget.cpp">
      <Filter>源文件</Filter>
    </ClCompile>
  </ItemGroup>
  <ItemGroup>
    <None Include="ReadMe.md">
      <Filter>头文件</Filter>
    </None>
  </ItemGroup>
</Project>